// !$*UTF8*$!
{
	archiveVersion = 1;
	classes = {
	};
	objectVersion = 46;
	objects = {

/* Begin PBXBuildFile section */
		3138E7F51A81EAAE00F3508E /* dNode.cpp in Sources */ = {isa = PBXBuildFile; fileRef = 3138E7F41A81EAAE00F3508E /* dNode.cpp */; };
		3138E7F81A81F0F300F3508E /* dBuffer.cpp in Sources */ = {isa = PBXBuildFile; fileRef = 3138E7F61A81F0F300F3508E /* dBuffer.cpp */; };
		3138E7F91A81F0F300F3508E /* dBuffer.h in Headers */ = {isa = PBXBuildFile; fileRef = 3138E7F71A81F0F300F3508E /* dBuffer.h */; };
/* End PBXBuildFile section */

/* Begin PBXFileReference section */
		3138E7EA1A81EA3D00F3508E /* libBase.a */ = {isa = PBXFileReference; explicitFileType = archive.ar; includeInIndex = 0; path = libBase.a; sourceTree = BUILT_PRODUCTS_DIR; };
		3138E7F11A81EA6C00F3508E /* dNode.h */ = {isa = PBXFileReference; lastKnownFileType = sourcecode.c.h; path = dNode.h; sourceTree = "<group>"; };
		3138E7F41A81EAAE00F3508E /* dNode.cpp */ = {isa = PBXFileReference; fileEncoding = 4; lastKnownFileType = sourcecode.cpp.cpp; path = dNode.cpp; sourceTree = "<group>"; };
		3138E7F61A81F0F300F3508E /* dBuffer.cpp */ = {isa = PBXFileReference; fileEncoding = 4; lastKnownFileType = sourcecode.cpp.cpp; path = dBuffer.cpp; sourceTree = "<group>"; };
		3138E7F71A81F0F300F3508E /* dBuffer.h */ = {isa = PBXFileReference; fileEncoding = 4; lastKnownFileType = sourcecode.c.h; path = dBuffer.h; sourceTree = "<group>"; };
/* End PBXFileReference section */

/* Begin PBXFrameworksBuildPhase section */
		3138E7E71A81EA3D00F3508E /* Frameworks */ = {
			isa = PBXFrameworksBuildPhase;
			buildActionMask = 2147483647;
			files = (
			);
			runOnlyForDeploymentPostprocessing = 0;
		};
/* End PBXFrameworksBuildPhase section */

/* Begin PBXGroup section */
		3138E7E11A81EA3D00F3508E = {
			isa = PBXGroup;
			children = (
				3138E7F21A81EA7D00F3508E /* Include */,
				3138E7F31A81EA8F00F3508E /* Source */,
				3138E7EB1A81EA3D00F3508E /* Products */,
			);
			sourceTree = "<group>";
		};
		3138E7EB1A81EA3D00F3508E /* Products */ = {
			isa = PBXGroup;
			children = (
				3138E7EA1A81EA3D00F3508E /* libBase.a */,
			);
			name = Products;
			sourceTree = "<group>";
		};
		3138E7F21A81EA7D00F3508E /* Include */ = {
			isa = PBXGroup;
			children = (
				3138E7F71A81F0F300F3508E /* dBuffer.h */,
				3138E7F11A81EA6C00F3508E /* dNode.h */,
			);
			name = Include;
			sourceTree = "<group>";
		};
		3138E7F31A81EA8F00F3508E /* Source */ = {
			isa = PBXGroup;
			children = (
				3138E7F61A81F0F300F3508E /* dBuffer.cpp */,
				3138E7F41A81EAAE00F3508E /* dNode.cpp */,
			);
			name = Source;
			sourceTree = "<group>";
		};
/* End PBXGroup section */

/* Begin PBXHeadersBuildPhase section */
		3138E7E81A81EA3D00F3508E /* Headers */ = {
			isa = PBXHeadersBuildPhase;
			buildActionMask = 2147483647;
			files = (
				3138E7F91A81F0F300F3508E /* dBuffer.h in Headers */,
			);
			runOnlyForDeploymentPostprocessing = 0;
		};
/* End PBXHeadersBuildPhase section */

/* Begin PBXNativeTarget section */
		3138E7E91A81EA3D00F3508E /* Base */ = {
			isa = PBXNativeTarget;
			buildConfigurationList = 3138E7EE1A81EA3D00F3508E /* Build configuration list for PBXNativeTarget "Base" */;
			buildPhases = (
				3138E7E61A81EA3D00F3508E /* Sources */,
				3138E7E71A81EA3D00F3508E /* Frameworks */,
				3138E7E81A81EA3D00F3508E /* Headers */,
			);
			buildRules = (
			);
			dependencies = (
			);
			name = Base;
			productName = Base;
			productReference = 3138E7EA1A81EA3D00F3508E /* libBase.a */;
			productType = "com.apple.product-type.library.static";
		};
/* End PBXNativeTarget section */

/* Begin PBXProject section */
		3138E7E21A81EA3D00F3508E /* Project object */ = {
			isa = PBXProject;
			attributes = {
				LastUpgradeCheck = 0610;
				ORGANIZATIONNAME = "Make Your Game Or Die Game Develop Studio";
				TargetAttributes = {
					3138E7E91A81EA3D00F3508E = {
						CreatedOnToolsVersion = 6.1.1;
					};
				};
			};
			buildConfigurationList = 3138E7E51A81EA3D00F3508E /* Build configuration list for PBXProject "Base" */;
			compatibilityVersion = "Xcode 3.2";
			developmentRegion = English;
			hasScannedForEncodings = 0;
			knownRegions = (
				en,
			);
			mainGroup = 3138E7E11A81EA3D00F3508E;
			productRefGroup = 3138E7EB1A81EA3D00F3508E /* Products */;
			projectDirPath = "";
			projectRoot = "";
			targets = (
				3138E7E91A81EA3D00F3508E /* Base */,
			);
		};
/* End PBXProject section */

/* Begin PBXSourcesBuildPhase section */
		3138E7E61A81EA3D00F3508E /* Sources */ = {
			isa = PBXSourcesBuildPhase;
			buildActionMask = 2147483647;
			files = (
				3138E7F81A81F0F300F3508E /* dBuffer.cpp in Sources */,
				3138E7F51A81EAAE00F3508E /* dNode.cpp in Sources */,
			);
			runOnlyForDeploymentPostprocessing = 0;
		};
/* End PBXSourcesBuildPhase section */

/* Begin XCBuildConfiguration section */
		3138E7EC1A81EA3D00F3508E /* Debug */ = {
			isa = XCBuildConfiguration;
			buildSettings = {
				ALWAYS_SEARCH_USER_PATHS = NO;
				CLANG_CXX_LANGUAGE_STANDARD = "gnu++0x";
				CLANG_CXX_LIBRARY = "libc++";
				CLANG_ENABLE_MODULES = YES;
				CLANG_ENABLE_OBJC_ARC = YES;
				CLANG_WARN_BOOL_CONVERSION = YES;
				CLANG_WARN_CONSTANT_CONVERSION = YES;
				CLANG_WARN_DIRECT_OBJC_ISA_USAGE = YES_ERROR;
				CLANG_WARN_EMPTY_BODY = YES;
				CLANG_WARN_ENUM_CONVERSION = YES;
				CLANG_WARN_INT_CONVERSION = YES;
				CLANG_WARN_OBJC_ROOT_CLASS = YES_ERROR;
				CLANG_WARN_UNREACHABLE_CODE = YES;
				CLANG_WARN__DUPLICATE_METHOD_MATCH = YES;
				COPY_PHASE_STRIP = NO;
				ENABLE_STRICT_OBJC_MSGSEND = YES;
				GCC_C_LANGUAGE_STANDARD = gnu99;
				GCC_DYNAMIC_NO_PIC = NO;
				GCC_OPTIMIZATION_LEVEL = 0;
				GCC_PREPROCESSOR_DEFINITIONS = (
					"DEBUG=1",
					"$(inherited)",
				);
				GCC_SYMBOLS_PRIVATE_EXTERN = NO;
				GCC_WARN_64_TO_32_BIT_CONVERSION = YES;
				GCC_WARN_ABOUT_RETURN_TYPE = YES_ERROR;
				GCC_WARN_UNDECLARED_SELECTOR = YES;
				GCC_WARN_UNINITIALIZED_AUTOS = YES_AGGRESSIVE;
				GCC_WARN_UNUSED_FUNCTION = YES;
				GCC_WARN_UNUSED_VARIABLE = YES;
				MACOSX_DEPLOYMENT_TARGET = 10.10;
				MTL_ENABLE_DEBUG_INFO = YES;
				ONLY_ACTIVE_ARCH = YES;
				SDKROOT = macosx;
			};
			name = Debug;
		};
		3138E7ED1A81EA3D00F3508E /* Release */ = {
			isa = XCBuildConfiguration;
			buildSettings = {
				ALWAYS_SEARCH_USER_PATHS = NO;
				CLANG_CXX_LANGUAGE_STANDARD = "gnu++0x";
				CLANG_CXX_LIBRARY = "libc++";
				CLANG_ENABLE_MODULES = YES;
				CLANG_ENABLE_OBJC_ARC = YES;
				CLANG_WARN_BOOL_CONVERSION = YES;
				CLANG_WARN_CONSTANT_CONVERSION = YES;
				CLANG_WARN_DIRECT_OBJC_ISA_USAGE = YES_ERROR;
				CLANG_WARN_EMPTY_BODY = YES;
				CLANG_WARN_ENUM_CONVERSION = YES;
				CLANG_WARN_INT_CONVERSION = YES;
				CLANG_WARN_OBJC_ROOT_CLASS = YES_ERROR;
				CLANG_WARN_UNREACHABLE_CODE = YES;
				CLANG_WARN__DUPLICATE_METHOD_MATCH = YES;
				COPY_PHASE_STRIP = YES;
				DEBUG_INFORMATION_FORMAT = "dwarf-with-dsym";
				ENABLE_NS_ASSERTIONS = NO;
				ENABLE_STRICT_OBJC_MSGSEND = YES;
				GCC_C_LANGUAGE_STANDARD = gnu99;
				GCC_WARN_64_TO_32_BIT_CONVERSION = YES;
				GCC_WARN_ABOUT_RETURN_TYPE = YES_ERROR;
				GCC_WARN_UNDECLARED_SELECTOR = YES;
				GCC_WARN_UNINITIALIZED_AUTOS = YES_AGGRESSIVE;
				GCC_WARN_UNUSED_FUNCTION = YES;
				GCC_WARN_UNUSED_VARIABLE = YES;
				MACOSX_DEPLOYMENT_TARGET = 10.10;
				MTL_ENABLE_DEBUG_INFO = NO;
				SDKROOT = macosx;
			};
			name = Release;
		};
		3138E7EF1A81EA3D00F3508E /* Debug */ = {
			isa = XCBuildConfiguration;
			buildSettings = {
				EXECUTABLE_PREFIX = lib;
				PRODUCT_NAME = "$(TARGET_NAME)";
			};
			name = Debug;
		};
		3138E7F01A81EA3D00F3508E /* Release */ = {
			isa = XCBuildConfiguration;
			buildSettings = {
				EXECUTABLE_PREFIX = lib;
				PRODUCT_NAME = "$(TARGET_NAME)";
			};
			name = Release;
		};
/* End XCBuildConfiguration section */

/* Begin XCConfigurationList section */
		3138E7E51A81EA3D00F3508E /* Build configuration list for PBXProject "Base" */ = {
			isa = XCConfigurationList;
			buildConfigurations = (
				3138E7EC1A81EA3D00F3508E /* Debug */,
				3138E7ED1A81EA3D00F3508E /* Release */,
			);
			defaultConfigurationIsVisible = 0;
			defaultConfigurationName = Release;
		};
		3138E7EE1A81EA3D00F3508E /* Build configuration list for PBXNativeTarget "Base" */ = {
			isa = XCConfigurationList;
			buildConfigurations = (
				3138E7EF1A81EA3D00F3508E /* Debug */,
				3138E7F01A81EA3D00F3508E /* Release */,
			);
			defaultConfigurationIsVisible = 0;
		};
/* End XCConfigurationList section */
	};
	rootObject = 3138E7E21A81EA3D00F3508E /* Project object */;
}
